
Microsoft Visual Studio Solution File, Format Version 12.00
# Visual Studio Version 17
VisualStudioVersion = 17.14.36401.2 d17.14
MinimumVisualStudioVersion = 10.0.40219.1
Project("{FAE04EC0-301F-11D3-BF4B-00C04F79EFBC}") = "HotelMVC", "HotelMVC\HotelMVC.csproj", "{A639193E-08CC-471C-9DD8-2E8F03589751}"
EndProject
Global
	GlobalSection(SolutionConfigurationPlatforms) = preSolution
		Debug|Any CPU = Debug|Any CPU
		Release|Any CPU = Release|Any CPU
	EndGlobalSection
	GlobalSection(ProjectConfigurationPlatforms) = postSolution
		{A639193E-08CC-471C-9DD8-2E8F03589751}.Debug|Any CPU.ActiveCfg = Debug|Any CPU
		{A639193E-08CC-471C-9DD8-2E8F03589751}.Debug|Any CPU.Build.0 = Debug|Any CPU
		{A639193E-08CC-471C-9DD8-2E8F03589751}.Release|Any CPU.ActiveCfg = Release|Any CPU
		{A639193E-08CC-471C-9DD8-2E8F03589751}.Release|Any CPU.Build.0 = Release|Any CPU
	EndGlobalSection
	GlobalSection(SolutionProperties) = preSolution
		HideSolutionNode = FALSE
	EndGlobalSection
	GlobalSection(ExtensibilityGlobals) = postSolution
		SolutionGuid = {6C00BC2B-F762-4D75-863D-08D7F9D3C534}
	EndGlobalSection
EndGlobal
